schema: '2.0'
stages:
  solve_veg:
    cmd: python3 scripts/run_fds.py experiments/03_vegetation/garden_veg.fds 
      --threads 4 && python3 scripts/strip_terrain.py FDS/cases/garden_veg 
      garden_veg
    deps:
    - path: experiments/03_vegetation/garden_veg.fds
      hash: md5
      md5: 964442f946a19c24de6a3576d75c5f89
      size: 15260
    - path: scripts/run_fds.py
      hash: md5
      md5: 319a2472ff98cef3c9026eadb67e8dec
      size: 4256
    - path: scripts/strip_terrain.py
      hash: md5
      md5: e3700807948e9d294794a418e36baac3
      size: 1860
    outs:
    - path: FDS/cases/garden_veg/garden_veg.smv
      hash: md5
      md5: d14bf2f32140baf99a1a139603c05c4e
      size: 14812
    - path: FDS/cases/garden_veg/garden_veg_1.prt5
      hash: md5
      md5: ce41ecdc9e4491bdccd8448db5b0d032
      size: 1237196
    - path: FDS/cases/garden_veg/garden_veg_1_1.bf
      hash: md5
      md5: 4457ebd15fb6f9fdb2db301ee830e1a9
      size: 644714
    - path: FDS/cases/garden_veg/garden_veg_1_1.s3d
      hash: md5
      md5: b05fcca2c2f4fe24d77ee052e6a37465
      size: 9396794
    - path: FDS/cases/garden_veg/garden_veg_1_1.sf
      hash: md5
      md5: 33fb30d8ab5bf7846dea29f134ad9801
      size: 411530
    - path: FDS/cases/garden_veg/garden_veg_1_2.bf
      hash: md5
      md5: 228a653d1a41a65c8cd8f1126c02f8be
      size: 644714
    - path: FDS/cases/garden_veg/garden_veg_1_2.sf
      hash: md5
      md5: 26171ee349b2f61ab7e5063e952d2600
      size: 131418
    - path: FDS/cases/garden_veg/garden_veg_1_3.s3d
      hash: md5
      md5: f66db5a07e5ac4ee2ea571d1d1baab20
      size: 6910947
  solve_veg_obst:
    cmd: python3 scripts/run_fds.py 
      experiments/03_vegetation/garden_veg_obst.fds --threads 4 && python3 
      scripts/strip_terrain.py FDS/cases/garden_veg_obst garden_veg_obst
    deps:
    - path: experiments/03_vegetation/garden_veg_obst.fds
      hash: md5
      md5: 5bdca7c69f1ad1bd1d798e172cc69f99
      size: 13858
    - path: scripts/run_fds.py
      hash: md5
      md5: 319a2472ff98cef3c9026eadb67e8dec
      size: 4256
    - path: scripts/strip_terrain.py
      hash: md5
      md5: e3700807948e9d294794a418e36baac3
      size: 1860
    outs:
    - path: FDS/cases/garden_veg_obst/garden_veg_obst.smv
      hash: md5
      md5: ba671084f794c3a4aa4aeff501956b58
      size: 14902
    - path: FDS/cases/garden_veg_obst/garden_veg_obst_1.prt5
      hash: md5
      md5: 8895837650f0df912f38ab7ce3a06fdd
      size: 1210096
    - path: FDS/cases/garden_veg_obst/garden_veg_obst_1_1.bf
      hash: md5
      md5: 199e35a335c402ed7ffdded33597f4c9
      size: 839238
    - path: FDS/cases/garden_veg_obst/garden_veg_obst_1_1.s3d
      hash: md5
      md5: f24c42973a00f2f5e8e4d6bce3d67b46
      size: 13096439
    - path: FDS/cases/garden_veg_obst/garden_veg_obst_1_1.sf
      hash: md5
      md5: 227d8b29df6003059d098a044e524b74
      size: 411530
    - path: FDS/cases/garden_veg_obst/garden_veg_obst_1_2.bf
      hash: md5
      md5: f3b33c323ad4a3e48441f9d7dc918b98
      size: 839238
    - path: FDS/cases/garden_veg_obst/garden_veg_obst_1_2.sf
      hash: md5
      md5: e075da4060991fbb7b81ef2fde844cf0
      size: 131418
    - path: FDS/cases/garden_veg_obst/garden_veg_obst_1_3.s3d
      hash: md5
      md5: 42d9e75588b2d57cf546ce267c2e0e67
      size: 10004329
