schema: '2.0'
stages:
  solve:
    cmd: .venv/bin/python scripts/run_fds.py 
      experiments/06_half_metre_ladder/wick2.fds:experiments/06_half_metre_ladder/data
      --threads 4 && .venv/bin/python scripts/strip_terrain.py 
      experiments/06_half_metre_ladder/data wick2
    deps:
    - path: experiments/06_half_metre_ladder/wick2.fds
      hash: md5
      md5: 2b01f1fe1e696a3853f2eaed889f023b
      size: 5467
    - path: scripts/run_fds.py
      hash: md5
      md5: cad1540ade22f0240c57b5b93d635237
      size: 4487
    - path: scripts/strip_terrain.py
      hash: md5
      md5: e3700807948e9d294794a418e36baac3
      size: 1860
    outs:
    - path: experiments/06_half_metre_ladder/data/wick2.smv
      hash: md5
      md5: 3dcb3a401369f3015404a9b4c55246b5
      size: 16503
    - path: experiments/06_half_metre_ladder/data/wick2_1.prt5
      hash: md5
      md5: b2741ae8072904d80cc823ebfd68e928
      size: 2711176
    - path: experiments/06_half_metre_ladder/data/wick2_1_1.bf
      hash: md5
      md5: 5a1bb39e2c43c3c87645499560868bb7
      size: 1114194
    - path: experiments/06_half_metre_ladder/data/wick2_1_1.s3d
      hash: md5
      md5: 0c7f4782323f48d25269b90c7f7abd43
      size: 73671898
    - path: experiments/06_half_metre_ladder/data/wick2_1_1.sf
      hash: md5
      md5: a66e20aaa7ad3b9e66d9fbd81d71995a
      size: 1602250
    - path: experiments/06_half_metre_ladder/data/wick2_1_2.bf
      hash: md5
      md5: 8a93802accecc9d9e7636f7a82cbf2cf
      size: 1114194
    - path: experiments/06_half_metre_ladder/data/wick2_1_2.s3d
      hash: md5
      md5: 19a1077d285ed3618a4fce636cd52041
      size: 11028001
    - path: experiments/06_half_metre_ladder/data/wick2_1_2.sf
      hash: md5
      md5: 7041bef5065195673188f3f296bf2b54
      size: 495466
    - path: experiments/06_half_metre_ladder/data/wick2_1_3.s3d
      hash: md5
      md5: 08e5753ff6c7eb00e3cb248d480df2b2
      size: 54635355
  boundary:
    cmd: .venv/bin/python scripts/surface_temp.py 
      experiments/06_half_metre_ladder/render.json
    deps:
    - path: experiments/06_half_metre_ladder/data/wick2_1_1.bf
      hash: md5
      md5: 5a1bb39e2c43c3c87645499560868bb7
      size: 1114194
    - path: experiments/06_half_metre_ladder/data/wick2_1_2.bf
      hash: md5
      md5: 8a93802accecc9d9e7636f7a82cbf2cf
      size: 1114194
    - path: experiments/06_half_metre_ladder/render.json
      hash: md5
      md5: f77e6c2be562cee1e242db8087b5478b
      size: 554
    - path: scripts/case_config.py
      hash: md5
      md5: fbbc7074cf0d4e35b717db3b2618d234
      size: 3274
    - path: scripts/surface_temp.py
      hash: md5
      md5: e0bc8a620a3fa5bcf75e7ea1b3592556
      size: 5966
    outs:
    - path: experiments/06_half_metre_ladder/data/ign_state.json
      hash: md5
      md5: cc63d633331ae63750f3bfcc2861ae64
      size: 953
  render:
    cmd: .venv/bin/python scripts/render_animation.py 
      experiments/06_half_metre_ladder/render.json
    deps:
    - path: experiments/06_half_metre_ladder/data/ign_state.json
      hash: md5
      md5: cc63d633331ae63750f3bfcc2861ae64
      size: 953
    - path: experiments/06_half_metre_ladder/data/wick2.smv
      hash: md5
      md5: 3dcb3a401369f3015404a9b4c55246b5
      size: 16503
    - path: experiments/06_half_metre_ladder/data/wick2_1.prt5
      hash: md5
      md5: b2741ae8072904d80cc823ebfd68e928
      size: 2711176
    - path: experiments/06_half_metre_ladder/data/wick2_1_1.s3d
      hash: md5
      md5: 0c7f4782323f48d25269b90c7f7abd43
      size: 73671898
    - path: experiments/06_half_metre_ladder/data/wick2_1_3.s3d
      hash: md5
      md5: 08e5753ff6c7eb00e3cb248d480df2b2
      size: 54635355
    - path: experiments/06_half_metre_ladder/render.json
      hash: md5
      md5: f77e6c2be562cee1e242db8087b5478b
      size: 554
    - path: experiments/06_half_metre_ladder/view.ini
      hash: md5
      md5: 3bffa1eced64e7d84aa2bb44d1108816
      size: 1108
    - path: scripts/case_config.py
      hash: md5
      md5: fbbc7074cf0d4e35b717db3b2618d234
      size: 3274
    - path: scripts/render_animation.py
      hash: md5
      md5: c1361f3f1b9953f352cc538cb0251df9
      size: 13497
    outs:
    - path: experiments/06_half_metre_ladder/results
      hash: md5
      md5: 56272818e6d44c938a62c6add17db659.dir
      size: 473700
      nfiles: 3
