schema: '2.0'
stages:
  solve:
    cmd: .venv/bin/python scripts/run_fds.py 
      experiments/12_no_ladder_tree/wick4.fds:experiments/12_no_ladder_tree/data
      --threads 4 && .venv/bin/python scripts/strip_terrain.py 
      experiments/12_no_ladder_tree/data wick4
    deps:
    - path: experiments/12_no_ladder_tree/wick4.fds
      hash: md5
      md5: 7fafb9deb6473b4a6eec6c4bf4078a4c
      size: 5640
    - path: scripts/run_fds.py
      hash: md5
      md5: a26c078de4ca677279325fdfc166634a
      size: 5161
    - path: scripts/strip_terrain.py
      hash: md5
      md5: e3700807948e9d294794a418e36baac3
      size: 1860
    outs:
    - path: experiments/12_no_ladder_tree/data/wick4.smv
      hash: md5
      md5: 734e626035474b947d8bd969767a7045
      size: 15112
    - path: experiments/12_no_ladder_tree/data/wick4_1.prt5
      hash: md5
      md5: 667aead484d9d6b4ed57808cced444b8
      size: 191316
    - path: experiments/12_no_ladder_tree/data/wick4_1_1.bf
      hash: md5
      md5: 44b33015a817692800f9999eb0565ee0
      size: 1167806
    - path: experiments/12_no_ladder_tree/data/wick4_1_1.s3d
      hash: md5
      md5: 2c3a4dc829ab81a13480b9157299cc58
      size: 45551125
    - path: experiments/12_no_ladder_tree/data/wick4_1_1.sf
      hash: md5
      md5: 9df3bea753165c34201b597f95de9e05
      size: 969906
    - path: experiments/12_no_ladder_tree/data/wick4_1_2.bf
      hash: md5
      md5: 672232e5324fe753e71214bfac308334
      size: 1167806
    - path: experiments/12_no_ladder_tree/data/wick4_1_2.s3d
      hash: md5
      md5: e1cf01d702c5aa52367f055bac0a688d
      size: 7978289
    - path: experiments/12_no_ladder_tree/data/wick4_1_2.sf
      hash: md5
      md5: b201dca879c6a01184c5488aaa88318f
      size: 495666
    - path: experiments/12_no_ladder_tree/data/wick4_1_3.s3d
      hash: md5
      md5: ae0d3fc721159a23637c6d4ec641b198
      size: 33867157
  boundary:
    cmd: .venv/bin/python scripts/surface_temp.py 
      experiments/12_no_ladder_tree/render.json
    deps:
    - path: experiments/12_no_ladder_tree/data/wick4_1_1.bf
      hash: md5
      md5: 44b33015a817692800f9999eb0565ee0
      size: 1167806
    - path: experiments/12_no_ladder_tree/data/wick4_1_2.bf
      hash: md5
      md5: 672232e5324fe753e71214bfac308334
      size: 1167806
    - path: experiments/12_no_ladder_tree/render.json
      hash: md5
      md5: fb4dc38c5feff463dbb3088ad93bd26e
      size: 570
    - path: scripts/case_config.py
      hash: md5
      md5: fbbc7074cf0d4e35b717db3b2618d234
      size: 3274
    - path: scripts/surface_temp.py
      hash: md5
      md5: e0bc8a620a3fa5bcf75e7ea1b3592556
      size: 5966
    outs:
    - path: experiments/12_no_ladder_tree/data/ign_state.json
      hash: md5
      md5: a22f8a608e712ec32e230e2c579bfaf3
      size: 1228
  render:
    cmd: .venv/bin/python scripts/render_animation.py 
      experiments/12_no_ladder_tree/render.json
    deps:
    - path: experiments/12_no_ladder_tree/data/ign_state.json
      hash: md5
      md5: a22f8a608e712ec32e230e2c579bfaf3
      size: 1228
    - path: experiments/12_no_ladder_tree/data/wick4.smv
      hash: md5
      md5: 734e626035474b947d8bd969767a7045
      size: 15112
    - path: experiments/12_no_ladder_tree/data/wick4_1.prt5
      hash: md5
      md5: 667aead484d9d6b4ed57808cced444b8
      size: 191316
    - path: experiments/12_no_ladder_tree/data/wick4_1_1.s3d
      hash: md5
      md5: 2c3a4dc829ab81a13480b9157299cc58
      size: 45551125
    - path: experiments/12_no_ladder_tree/data/wick4_1_3.s3d
      hash: md5
      md5: ae0d3fc721159a23637c6d4ec641b198
      size: 33867157
    - path: experiments/12_no_ladder_tree/render.json
      hash: md5
      md5: fb4dc38c5feff463dbb3088ad93bd26e
      size: 570
    - path: experiments/12_no_ladder_tree/view.ini
      hash: md5
      md5: 002879eb79f821d615c903d5f3ef7644
      size: 1108
    - path: scripts/case_config.py
      hash: md5
      md5: fbbc7074cf0d4e35b717db3b2618d234
      size: 3274
    - path: scripts/render_animation.py
      hash: md5
      md5: c1361f3f1b9953f352cc538cb0251df9
      size: 13497
    outs:
    - path: experiments/12_no_ladder_tree/results
      hash: md5
      md5: bccb1d0206f75b452af7c7e3118dff3f.dir
      size: 518391
      nfiles: 3
  validate:
    cmd: .venv/bin/python scripts/validate_animation.py 
      experiments/12_no_ladder_tree/render.json
    deps:
    - path: experiments/12_no_ladder_tree/data/ign_state.json
      hash: md5
      md5: a22f8a608e712ec32e230e2c579bfaf3
      size: 1228
    - path: experiments/12_no_ladder_tree/render.json
      hash: md5
      md5: fb4dc38c5feff463dbb3088ad93bd26e
      size: 570
    - path: experiments/12_no_ladder_tree/results
      hash: md5
      md5: bccb1d0206f75b452af7c7e3118dff3f.dir
      size: 518391
      nfiles: 3
    - path: scripts/validate_animation.py
      hash: md5
      md5: a2d2a48cd37720415725347a8ef6fc05
      size: 3929
